github.com/hashicorp/go-cleanhttp v0.5.1 h1:dH3aiDG9Jvb5r5+bYHsikaOUIpcM0xvgMXVoDkXMzJM=
github.com/hashicorp/go-cleanhttp v0.5.1/go.mod h1:JpRdi6/HCYpAwUzNwuwqhbovhLtngrth3wmdIIUrZ80=
gophers.dev/pkgs/ignore v0.2.0 h1:JH2NgFni0vbB09fO7aFmgQnZUyRzk1Us5Bu56K4jPp8=
gophers.dev/pkgs/ignore v0.2.0/go.mod h1:HwTn4Fc9oicp2TxFV/8P0CswwfsVQczZvG6ZTy2TRXA=
